
Microsoft Visual Studio Solution File, Format Version 12.00
# Visual Studio Version 17
VisualStudioVersion = 17.14.36908.2 d17.14
MinimumVisualStudioVersion = 10.0.40219.1
Project("{8BC9CEB8-8B4A-11D0-8D11-00A0C91BC942}") = "백준_13335_트럭", "백준_13335_트럭\백준_13335_트럭.vcxproj", "{A40E7651-8915-47F6-822D-FD6CB7B5D13E}"
EndProject
Global
	GlobalSection(SolutionConfigurationPlatforms) = preSolution
		Debug|x64 = Debug|x64
		Debug|x86 = Debug|x86
		Release|x64 = Release|x64
		Release|x86 = Release|x86
	EndGlobalSection
	GlobalSection(ProjectConfigurationPlatforms) = postSolution
		{A40E7651-8915-47F6-822D-FD6CB7B5D13E}.Debug|x64.ActiveCfg = Debug|x64
		{A40E7651-8915-47F6-822D-FD6CB7B5D13E}.Debug|x64.Build.0 = Debug|x64
		{A40E7651-8915-47F6-822D-FD6CB7B5D13E}.Debug|x86.ActiveCfg = Debug|Win32
		{A40E7651-8915-47F6-822D-FD6CB7B5D13E}.Debug|x86.Build.0 = Debug|Win32
		{A40E7651-8915-47F6-822D-FD6CB7B5D13E}.Release|x64.ActiveCfg = Release|x64
		{A40E7651-8915-47F6-822D-FD6CB7B5D13E}.Release|x64.Build.0 = Release|x64
		{A40E7651-8915-47F6-822D-FD6CB7B5D13E}.Release|x86.ActiveCfg = Release|Win32
		{A40E7651-8915-47F6-822D-FD6CB7B5D13E}.Release|x86.Build.0 = Release|Win32
	EndGlobalSection
	GlobalSection(SolutionProperties) = preSolution
		HideSolutionNode = FALSE
	EndGlobalSection
	GlobalSection(ExtensibilityGlobals) = postSolution
		SolutionGuid = {3B5CD0E2-C6C5-488E-BF34-3250F2B2CAA9}
	EndGlobalSection
EndGlobal
