
Microsoft Visual Studio Solution File, Format Version 12.00
# Visual Studio Version 17
VisualStudioVersion = 17.14.36908.2 d17.14
MinimumVisualStudioVersion = 10.0.40219.1
Project("{8BC9CEB8-8B4A-11D0-8D11-00A0C91BC942}") = "외계인의 기타 연주", "외계인의 기타 연주\외계인의 기타 연주.vcxproj", "{F0091D09-E23C-4724-A208-3896671A43CB}"
EndProject
Global
	GlobalSection(SolutionConfigurationPlatforms) = preSolution
		Debug|x64 = Debug|x64
		Debug|x86 = Debug|x86
		Release|x64 = Release|x64
		Release|x86 = Release|x86
	EndGlobalSection
	GlobalSection(ProjectConfigurationPlatforms) = postSolution
		{F0091D09-E23C-4724-A208-3896671A43CB}.Debug|x64.ActiveCfg = Debug|x64
		{F0091D09-E23C-4724-A208-3896671A43CB}.Debug|x64.Build.0 = Debug|x64
		{F0091D09-E23C-4724-A208-3896671A43CB}.Debug|x86.ActiveCfg = Debug|Win32
		{F0091D09-E23C-4724-A208-3896671A43CB}.Debug|x86.Build.0 = Debug|Win32
		{F0091D09-E23C-4724-A208-3896671A43CB}.Release|x64.ActiveCfg = Release|x64
		{F0091D09-E23C-4724-A208-3896671A43CB}.Release|x64.Build.0 = Release|x64
		{F0091D09-E23C-4724-A208-3896671A43CB}.Release|x86.ActiveCfg = Release|Win32
		{F0091D09-E23C-4724-A208-3896671A43CB}.Release|x86.Build.0 = Release|Win32
	EndGlobalSection
	GlobalSection(SolutionProperties) = preSolution
		HideSolutionNode = FALSE
	EndGlobalSection
	GlobalSection(ExtensibilityGlobals) = postSolution
		SolutionGuid = {1B4B97B4-B14E-4B37-AE79-5096B29340E4}
	EndGlobalSection
EndGlobal
